// !$*UTF8*$!
{
	archiveVersion = 1;
	classes = {
	};
	objectVersion = 50;
	objects = {

/* Begin PBXBuildFile section */
		AF713F21246B1B5E009744A8 /* AppDelegate.swift in Sources */ = {isa = PBXBuildFile; fileRef = AF713F20246B1B5E009744A8 /* AppDelegate.swift */; };
		AF713F23246B1B5E009744A8 /* SceneDelegate.swift in Sources */ = {isa = PBXBuildFile; fileRef = AF713F22246B1B5E009744A8 /* SceneDelegate.swift */; };
		AF713F25246B1B5E009744A8 /* ViewController.swift in Sources */ = {isa = PBXBuildFile; fileRef = AF713F24246B1B5E009744A8 /* ViewController.swift */; };
		AF713F28246B1B5E009744A8 /* Main.storyboard in Resources */ = {isa = PBXBuildFile; fileRef = AF713F26246B1B5E009744A8 /* Main.storyboard */; };
		AF713F2A246B1B62009744A8 /* Assets.xcassets in Resources */ = {isa = PBXBuildFile; fileRef = AF713F29246B1B62009744A8 /* Assets.xcassets */; };
		AF713F2D246B1B62009744A8 /* LaunchScreen.storyboard in Resources */ = {isa = PBXBuildFile; fileRef = AF713F2B246B1B62009744A8 /* LaunchScreen.storyboard */; };
/* End PBXBuildFile section */

/* Begin PBXFileReference section */
		AF713F1D246B1B5E009744A8 /* Crazy Tacos.app */ = {isa = PBXFileReference; explicitFileType = wrapper.application; includeInIndex = 0; path = "Crazy Tacos.app"; sourceTree = BUILT_PRODUCTS_DIR; };
		AF713F20246B1B5E009744A8 /* AppDelegate.swift */ = {isa = PBXFileReference; lastKnownFileType = sourcecode.swift; path = AppDelegate.swift; sourceTree = "<group>"; };
		AF713F22246B1B5E009744A8 /* SceneDelegate.swift */ = {isa = PBXFileReference; lastKnownFileType = sourcecode.swift; path = SceneDelegate.swift; sourceTree = "<group>"; };
		AF713F24246B1B5E009744A8 /* ViewController.swift */ = {isa = PBXFileReference; lastKnownFileType = sourcecode.swift; path = ViewController.swift; sourceTree = "<group>"; };
		AF713F27246B1B5E009744A8 /* Base */ = {isa = PBXFileReference; lastKnownFileType = file.storyboard; name = Base; path = Base.lproj/Main.storyboard; sourceTree = "<group>"; };
		AF713F29246B1B62009744A8 /* Assets.xcassets */ = {isa = PBXFileReference; lastKnownFileType = folder.assetcatalog; path = Assets.xcassets; sourceTree = "<group>"; };
		AF713F2C246B1B62009744A8 /* Base */ = {isa = PBXFileReference; lastKnownFileType = file.storyboard; name = Base; path = Base.lproj/LaunchScreen.storyboard; sourceTree = "<group>"; };
		AF713F2E246B1B62009744A8 /* Info.plist */ = {isa = PBXFileReference; lastKnownFileType = text.plist.xml; path = Info.plist; sourceTree = "<group>"; };
/* End PBXFileReference section */

/* Begin PBXFrameworksBuildPhase section */
		AF713F1A246B1B5E009744A8 /* Frameworks */ = {
			isa = PBXFrameworksBuildPhase;
			buildActionMask = 2147483647;
			files = (
			);
			runOnlyForDeploymentPostprocessing = 0;
		};
/* End PBXFrameworksBuildPhase section */

/* Begin PBXGroup section */
		AF713F14246B1B5E009744A8 = {
			isa = PBXGroup;
			children = (
				AF713F1F246B1B5E009744A8 /* Crazy Tacos */,
				AF713F1E246B1B5E009744A8 /* Products */,
			);
			sourceTree = "<group>";
		};
		AF713F1E246B1B5E009744A8 /* Products */ = {
			isa = PBXGroup;
			children = (
				AF713F1D246B1B5E009744A8 /* Crazy Tacos.app */,
			);
			name = Products;
			sourceTree = "<group>";
		};
		AF713F1F246B1B5E009744A8 /* Crazy Tacos */ = {
			isa = PBXGroup;
			children = (
				AF713F20246B1B5E009744A8 /* AppDelegate.swift */,
				AF713F22246B1B5E009744A8 /* SceneDelegate.swift */,
				AF713F24246B1B5E009744A8 /* ViewController.swift */,
				AF713F26246B1B5E009744A8 /* Main.storyboard */,
				AF713F29246B1B62009744A8 /* Assets.xcassets */,
				AF713F2B246B1B62009744A8 /* LaunchScreen.storyboard */,
				AF713F2E246B1B62009744A8 /* Info.plist */,
			);
			path = "Crazy Tacos";
			sourceTree = "<group>";
		};
/* End PBXGroup section */

/* Begin PBXNativeTarget section */
		AF713F1C246B1B5E009744A8 /* Crazy Tacos */ = {
			isa = PBXNativeTarget;
			buildConfigurationList = AF713F31246B1B62009744A8 /* Build configuration list for PBXNativeTarget "Crazy Tacos" */;
			buildPhases = (
				AF713F19246B1B5E009744A8 /* Sources */,
				AF713F1A246B1B5E009744A8 /* Frameworks */,
				AF713F1B246B1B5E009744A8 /* Resources */,
			);
			buildRules = (
			);
			dependencies = (
			);
			name = "Crazy Tacos";
			productName = "Crazy Tacos";
			productReference = AF713F1D246B1B5E009744A8 /* Crazy Tacos.app */;
			productType = "com.apple.product-type.application";
		};
/* End PBXNativeTarget section */

/* Begin PBXProject section */
		AF713F15246B1B5E009744A8 /* Project object */ = {
			isa = PBXProject;
			attributes = {
				LastSwiftUpdateCheck = 1130;
				LastUpgradeCheck = 1130;
				ORGANIZATIONNAME = "Andrew Coon";
				TargetAttributes = {
					AF713F1C246B1B5E009744A8 = {
						CreatedOnToolsVersion = 11.3.1;
					};
				};
			};
			buildConfigurationList = AF713F18246B1B5E009744A8 /* Build configuration list for PBXProject "Crazy Tacos" */;
			compatibilityVersion = "Xcode 9.3";
			developmentRegion = en;
			hasScannedForEncodings = 0;
			knownRegions = (
				en,
				Base,
			);
			mainGroup = AF713F14246B1B5E009744A8;
			productRefGroup = AF713F1E246B1B5E009744A8 /* Products */;
			projectDirPath = "";
			projectRoot = "";
			targets = (
				AF713F1C246B1B5E009744A8 /* Crazy Tacos */,
			);
		};
/* End PBXProject section */

/* Begin PBXResourcesBuildPhase section */
		AF713F1B246B1B5E009744A8 /* Resources */ = {
			isa = PBXResourcesBuildPhase;
			buildActionMask = 2147483647;
			files = (
				AF713F2D246B1B62009744A8 /* LaunchScreen.storyboard in Resources */,
				AF713F2A246B1B62009744A8 /* Assets.xcassets in Resources */,
				AF713F28246B1B5E009744A8 /* Main.storyboard in Resources */,
			);
			runOnlyForDeploymentPostprocessing = 0;
		};
/* End PBXResourcesBuildPhase section */

/* Begin PBXSourcesBuildPhase section */
		AF713F19246B1B5E009744A8 /* Sources */ = {
			isa = PBXSourcesBuildPhase;
			buildActionMask = 2147483647;
			files = (
				AF713F25246B1B5E009744A8 /* ViewController.swift in Sources */,
				AF713F21246B1B5E009744A8 /* AppDelegate.swift in Sources */,
				AF713F23246B1B5E009744A8 /* SceneDelegate.swift in Sources */,
			);
			runOnlyForDeploymentPostprocessing = 0;
		};
/* End PBXSourcesBuildPhase section */

/* Begin PBXVariantGroup section */
		AF713F26246B1B5E009744A8 /* Main.storyboard */ = {
			isa = PBXVariantGroup;
			children = (
				AF713F27246B1B5E009744A8 /* Base */,
			);
			name = Main.storyboard;
			sourceTree = "<group>";
		};
		AF713F2B246B1B62009744A8 /* LaunchScreen.storyboard */ = {
			isa = PBXVariantGroup;
			children = (
				AF713F2C246B1B62009744A8 /* Base */,
			);
			name = LaunchScreen.storyboard;
			sourceTree = "<group>";
		};
/* End PBXVariantGroup section */

/* Begin XCBuildConfiguration section */
		AF713F2F246B1B62009744A8 /* Debug */ = {
			isa = XCBuildConfiguration;
			buildSettings = {
				ALWAYS_SEARCH_USER_PATHS = NO;
				CLANG_ANALYZER_NONNULL = YES;
				CLANG_ANALYZER_NUMBER_OBJECT_CONVERSION = YES_AGGRESSIVE;
				CLANG_CXX_LANGUAGE_STANDARD = "gnu++14";
				CLANG_CXX_LIBRARY = "libc++";
				CLANG_ENABLE_MODULES = YES;
				CLANG_ENABLE_OBJC_ARC = YES;
				CLANG_ENABLE_OBJC_WEAK = YES;
				CLANG_WARN_BLOCK_CAPTURE_AUTORELEASING = YES;
				CLANG_WARN_BOOL_CONVERSION = YES;
				CLANG_WARN_COMMA = YES;
				CLANG_WARN_CONSTANT_CONVERSION = YES;
				CLANG_WARN_DEPRECATED_OBJC_IMPLEMENTATIONS = YES;
				CLANG_WARN_DIRECT_OBJC_ISA_USAGE = YES_ERROR;
				CLANG_WARN_DOCUMENTATION_COMMENTS = YES;
				CLANG_WARN_EMPTY_BODY = YES;
				CLANG_WARN_ENUM_CONVERSION = YES;
				CLANG_WARN_INFINITE_RECURSION = YES;
				CLANG_WARN_INT_CONVERSION = YES;
				CLANG_WARN_NON_LITERAL_NULL_CONVERSION = YES;
				CLANG_WARN_OBJC_IMPLICIT_RETAIN_SELF = YES;
				CLANG_WARN_OBJC_LITERAL_CONVERSION = YES;
				CLANG_WARN_OBJC_ROOT_CLASS = YES_ERROR;
				CLANG_WARN_RANGE_LOOP_ANALYSIS = YES;
				CLANG_WARN_STRICT_PROTOTYPES = YES;
				CLANG_WARN_SUSPICIOUS_MOVE = YES;
				CLANG_WARN_UNGUARDED_AVAILABILITY = YES_AGGRESSIVE;
				CLANG_WARN_UNREACHABLE_CODE = YES;
				CLANG_WARN__DUPLICATE_METHOD_MATCH = YES;
				COPY_PHASE_STRIP = NO;
				DEBUG_INFORMATION_FORMAT = dwarf;
				ENABLE_STRICT_OBJC_MSGSEND = YES;
				ENABLE_TESTABILITY = YES;
				GCC_C_LANGUAGE_STANDARD = gnu11;
				GCC_DYNAMIC_NO_PIC = NO;
				GCC_NO_COMMON_BLOCKS = YES;
				GCC_OPTIMIZATION_LEVEL = 0;
				GCC_PREPROCESSOR_DEFINITIONS = (
					"DEBUG=1",
					"$(inherited)",
				);
				GCC_WARN_64_TO_32_BIT_CONVERSION = YES;
				GCC_WARN_ABOUT_RETURN_TYPE = YES_ERROR;
				GCC_WARN_UNDECLARED_SELECTOR = YES;
				GCC_WARN_UNINITIALIZED_AUTOS = YES_AGGRESSIVE;
				GCC_WARN_UNUSED_FUNCTION = YES;
				GCC_WARN_UNUSED_VARIABLE = YES;
				IPHONEOS_DEPLOYMENT_TARGET = 13.2;
				MTL_ENABLE_DEBUG_INFO = INCLUDE_SOURCE;
				MTL_FAST_MATH = YES;
				ONLY_ACTIVE_ARCH = YES;
				SDKROOT = iphoneos;
				SWIFT_ACTIVE_COMPILATION_CONDITIONS = DEBUG;
				SWIFT_OPTIMIZATION_LEVEL = "-Onone";
			};
			name = Debug;
		};
		AF713F30246B1B62009744A8 /* Release */ = {
			isa = XCBuildConfiguration;
			buildSettings = {
				ALWAYS_SEARCH_USER_PATHS = NO;
				CLANG_ANALYZER_NONNULL = YES;
				CLANG_ANALYZER_NUMBER_OBJECT_CONVERSION = YES_AGGRESSIVE;
				CLANG_CXX_LANGUAGE_STANDARD = "gnu++14";
				CLANG_CXX_LIBRARY = "libc++";
				CLANG_ENABLE_MODULES = YES;
				CLANG_ENABLE_OBJC_ARC = YES;
				CLANG_ENABLE_OBJC_WEAK = YES;
				CLANG_WARN_BLOCK_CAPTURE_AUTORELEASING = YES;
				CLANG_WARN_BOOL_CONVERSION = YES;
				CLANG_WARN_COMMA = YES;
				CLANG_WARN_CONSTANT_CONVERSION = YES;
				CLANG_WARN_DEPRECATED_OBJC_IMPLEMENTATIONS = YES;
				CLANG_WARN_DIRECT_OBJC_ISA_USAGE = YES_ERROR;
				CLANG_WARN_DOCUMENTATION_COMMENTS = YES;
				CLANG_WARN_EMPTY_BODY = YES;
				CLANG_WARN_ENUM_CONVERSION = YES;
				CLANG_WARN_INFINITE_RECURSION = YES;
				CLANG_WARN_INT_CONVERSION = YES;
				CLANG_WARN_NON_LITERAL_NULL_CONVERSION = YES;
				CLANG_WARN_OBJC_IMPLICIT_RETAIN_SELF = YES;
				CLANG_WARN_OBJC_LITERAL_CONVERSION = YES;
				CLANG_WARN_OBJC_ROOT_CLASS = YES_ERROR;
				CLANG_WARN_RANGE_LOOP_ANALYSIS = YES;
				CLANG_WARN_STRICT_PROTOTYPES = YES;
				CLANG_WARN_SUSPICIOUS_MOVE = YES;
				CLANG_WARN_UNGUARDED_AVAILABILITY = YES_AGGRESSIVE;
				CLANG_WARN_UNREACHABLE_CODE = YES;
				CLANG_WARN__DUPLICATE_METHOD_MATCH = YES;
				COPY_PHASE_STRIP = NO;
				DEBUG_INFORMATION_FORMAT = "dwarf-with-dsym";
				ENABLE_NS_ASSERTIONS = NO;
				ENABLE_STRICT_OBJC_MSGSEND = YES;
				GCC_C_LANGUAGE_STANDARD = gnu11;
				GCC_NO_COMMON_BLOCKS = YES;
				GCC_WARN_64_TO_32_BIT_CONVERSION = YES;
				GCC_WARN_ABOUT_RETURN_TYPE = YES_ERROR;
				GCC_WARN_UNDECLARED_SELECTOR = YES;
				GCC_WARN_UNINITIALIZED_AUTOS = YES_AGGRESSIVE;
				GCC_WARN_UNUSED_FUNCTION = YES;
				GCC_WARN_UNUSED_VARIABLE = YES;
				IPHONEOS_DEPLOYMENT_TARGET = 13.2;
				MTL_ENABLE_DEBUG_INFO = NO;
				MTL_FAST_MATH = YES;
				SDKROOT = iphoneos;
				SWIFT_COMPILATION_MODE = wholemodule;
				SWIFT_OPTIMIZATION_LEVEL = "-O";
				VALIDATE_PRODUCT = YES;
			};
			name = Release;
		};
		AF713F32246B1B62009744A8 /* Debug */ = {
			isa = XCBuildConfiguration;
			buildSettings = {
				ASSETCATALOG_COMPILER_APPICON_NAME = AppIcon;
				CODE_SIGN_STYLE = Automatic;
				DEVELOPMENT_TEAM = 68UHPU5CXP;
				INFOPLIST_FILE = "Crazy Tacos/Info.plist";
				LD_RUNPATH_SEARCH_PATHS = (
					"$(inherited)",
					"@executable_path/Frameworks",
				);
				PRODUCT_BUNDLE_IDENTIFIER = "Prestige-Worldwide.Crazy-Tacos";
				PRODUCT_NAME = "$(TARGET_NAME)";
				SWIFT_VERSION = 5.0;
				TARGETED_DEVICE_FAMILY = "1,2";
			};
			name = Debug;
		};
		AF713F33246B1B62009744A8 /* Release */ = {
			isa = XCBuildConfiguration;
			buildSettings = {
				ASSETCATALOG_COMPILER_APPICON_NAME = AppIcon;
				CODE_SIGN_STYLE = Automatic;
				DEVELOPMENT_TEAM = 68UHPU5CXP;
				INFOPLIST_FILE = "Crazy Tacos/Info.plist";
				LD_RUNPATH_SEARCH_PATHS = (
					"$(inherited)",
					"@executable_path/Frameworks",
				);
				PRODUCT_BUNDLE_IDENTIFIER = "Prestige-Worldwide.Crazy-Tacos";
				PRODUCT_NAME = "$(TARGET_NAME)";
				SWIFT_VERSION = 5.0;
				TARGETED_DEVICE_FAMILY = "1,2";
			};
			name = Release;
		};
/* End XCBuildConfiguration section */

/* Begin XCConfigurationList section */
		AF713F18246B1B5E009744A8 /* Build configuration list for PBXProject "Crazy Tacos" */ = {
			isa = XCConfigurationList;
			buildConfigurations = (
				AF713F2F246B1B62009744A8 /* Debug */,
				AF713F30246B1B62009744A8 /* Release */,
			);
			defaultConfigurationIsVisible = 0;
			defaultConfigurationName = Release;
		};
		AF713F31246B1B62009744A8 /* Build configuration list for PBXNativeTarget "Crazy Tacos" */ = {
			isa = XCConfigurationList;
			buildConfigurations = (
				AF713F32246B1B62009744A8 /* Debug */,
				AF713F33246B1B62009744A8 /* Release */,
			);
			defaultConfigurationIsVisible = 0;
			defaultConfigurationName = Release;
		};
/* End XCConfigurationList section */
	};
	rootObject = AF713F15246B1B5E009744A8 /* Project object */;
}
